
Microsoft Visual Studio Solution File, Format Version 12.00
# Visual Studio Version 16
VisualStudioVersion = 16.0.29613.14
MinimumVisualStudioVersion = 10.0.40219.1
Project("{FAE04EC0-301F-11D3-BF4B-00C04F79EFBC}") = "ModelBindingSample", "ModelBindingSample\ModelBindingSample.csproj", "{FCF2AA19-930B-4D73-8529-81167A6D8000}"
EndProject
Global
	GlobalSection(SolutionConfigurationPlatforms) = preSolution
		Debug|Any CPU = Debug|Any CPU
		Release|Any CPU = Release|Any CPU
	EndGlobalSection
	GlobalSection(ProjectConfigurationPlatforms) = postSolution
		{FCF2AA19-930B-4D73-8529-81167A6D8000}.Debug|Any CPU.ActiveCfg = Debug|Any CPU
		{FCF2AA19-930B-4D73-8529-81167A6D8000}.Debug|Any CPU.Build.0 = Debug|Any CPU
		{FCF2AA19-930B-4D73-8529-81167A6D8000}.Release|Any CPU.ActiveCfg = Release|Any CPU
		{FCF2AA19-930B-4D73-8529-81167A6D8000}.Release|Any CPU.Build.0 = Release|Any CPU
	EndGlobalSection
	GlobalSection(SolutionProperties) = preSolution
		HideSolutionNode = FALSE
	EndGlobalSection
	GlobalSection(ExtensibilityGlobals) = postSolution
		SolutionGuid = {E196F5B0-2587-49C6-8879-1FE3CF158440}
	EndGlobalSection
EndGlobal
